// !$*UTF8*$!
{
	archiveVersion = 1;
	classes = {
	};
	objectVersion = 50;
	objects = {

/* Begin PBXBuildFile section */
		7AED03E0264B768800D2C9A3 /* AppDelegate.swift in Sources */ = {isa = PBXBuildFile; fileRef = 7AED03DF264B768800D2C9A3 /* AppDelegate.swift */; };
		7AED03E2264B768800D2C9A3 /* SceneDelegate.swift in Sources */ = {isa = PBXBuildFile; fileRef = 7AED03E1264B768800D2C9A3 /* SceneDelegate.swift */; };
		7AED03E4264B768800D2C9A3 /* ViewController.swift in Sources */ = {isa = PBXBuildFile; fileRef = 7AED03E3264B768800D2C9A3 /* ViewController.swift */; };
		7AED03E7264B768800D2C9A3 /* Main.storyboard in Resources */ = {isa = PBXBuildFile; fileRef = 7AED03E5264B768800D2C9A3 /* Main.storyboard */; };
		7AED03E9264B768800D2C9A3 /* Assets.xcassets in Resources */ = {isa = PBXBuildFile; fileRef = 7AED03E8264B768800D2C9A3 /* Assets.xcassets */; };
		7AED03EC264B768800D2C9A3 /* LaunchScreen.storyboard in Resources */ = {isa = PBXBuildFile; fileRef = 7AED03EA264B768800D2C9A3 /* LaunchScreen.storyboard */; };
		7AED03F5264B776000D2C9A3 /* FirstController.swift in Sources */ = {isa = PBXBuildFile; fileRef = 7AED03F3264B776000D2C9A3 /* FirstController.swift */; };
		7AED03F6264B776000D2C9A3 /* FirstController.xib in Resources */ = {isa = PBXBuildFile; fileRef = 7AED03F4264B776000D2C9A3 /* FirstController.xib */; };
		7AED03F9264B776C00D2C9A3 /* SecondController.swift in Sources */ = {isa = PBXBuildFile; fileRef = 7AED03F7264B776C00D2C9A3 /* SecondController.swift */; };
		7AED03FA264B776C00D2C9A3 /* SecondController.xib in Resources */ = {isa = PBXBuildFile; fileRef = 7AED03F8264B776C00D2C9A3 /* SecondController.xib */; };
		7AED03FD264B777A00D2C9A3 /* ThirdController.swift in Sources */ = {isa = PBXBuildFile; fileRef = 7AED03FB264B777A00D2C9A3 /* ThirdController.swift */; };
		7AED03FE264B777A00D2C9A3 /* ThirdController.xib in Resources */ = {isa = PBXBuildFile; fileRef = 7AED03FC264B777A00D2C9A3 /* ThirdController.xib */; };
		7AED0401264B925B00D2C9A3 /* TableController.swift in Sources */ = {isa = PBXBuildFile; fileRef = 7AED03FF264B925B00D2C9A3 /* TableController.swift */; };
		7AED0402264B925B00D2C9A3 /* TableController.xib in Resources */ = {isa = PBXBuildFile; fileRef = 7AED0400264B925B00D2C9A3 /* TableController.xib */; };
/* End PBXBuildFile section */

/* Begin PBXFileReference section */
		7AED03DC264B768800D2C9A3 /* SampleApp4.app */ = {isa = PBXFileReference; explicitFileType = wrapper.application; includeInIndex = 0; path = SampleApp4.app; sourceTree = BUILT_PRODUCTS_DIR; };
		7AED03DF264B768800D2C9A3 /* AppDelegate.swift */ = {isa = PBXFileReference; lastKnownFileType = sourcecode.swift; path = AppDelegate.swift; sourceTree = "<group>"; };
		7AED03E1264B768800D2C9A3 /* SceneDelegate.swift */ = {isa = PBXFileReference; lastKnownFileType = sourcecode.swift; path = SceneDelegate.swift; sourceTree = "<group>"; };
		7AED03E3264B768800D2C9A3 /* ViewController.swift */ = {isa = PBXFileReference; lastKnownFileType = sourcecode.swift; path = ViewController.swift; sourceTree = "<group>"; };
		7AED03E6264B768800D2C9A3 /* Base */ = {isa = PBXFileReference; lastKnownFileType = file.storyboard; name = Base; path = Base.lproj/Main.storyboard; sourceTree = "<group>"; };
		7AED03E8264B768800D2C9A3 /* Assets.xcassets */ = {isa = PBXFileReference; lastKnownFileType = folder.assetcatalog; path = Assets.xcassets; sourceTree = "<group>"; };
		7AED03EB264B768800D2C9A3 /* Base */ = {isa = PBXFileReference; lastKnownFileType = file.storyboard; name = Base; path = Base.lproj/LaunchScreen.storyboard; sourceTree = "<group>"; };
		7AED03ED264B768800D2C9A3 /* Info.plist */ = {isa = PBXFileReference; lastKnownFileType = text.plist.xml; path = Info.plist; sourceTree = "<group>"; };
		7AED03F3264B776000D2C9A3 /* FirstController.swift */ = {isa = PBXFileReference; lastKnownFileType = sourcecode.swift; path = FirstController.swift; sourceTree = "<group>"; };
		7AED03F4264B776000D2C9A3 /* FirstController.xib */ = {isa = PBXFileReference; lastKnownFileType = file.xib; path = FirstController.xib; sourceTree = "<group>"; };
		7AED03F7264B776C00D2C9A3 /* SecondController.swift */ = {isa = PBXFileReference; lastKnownFileType = sourcecode.swift; path = SecondController.swift; sourceTree = "<group>"; };
		7AED03F8264B776C00D2C9A3 /* SecondController.xib */ = {isa = PBXFileReference; lastKnownFileType = file.xib; path = SecondController.xib; sourceTree = "<group>"; };
		7AED03FB264B777A00D2C9A3 /* ThirdController.swift */ = {isa = PBXFileReference; lastKnownFileType = sourcecode.swift; path = ThirdController.swift; sourceTree = "<group>"; };
		7AED03FC264B777A00D2C9A3 /* ThirdController.xib */ = {isa = PBXFileReference; lastKnownFileType = file.xib; path = ThirdController.xib; sourceTree = "<group>"; };
		7AED03FF264B925B00D2C9A3 /* TableController.swift */ = {isa = PBXFileReference; lastKnownFileType = sourcecode.swift; path = TableController.swift; sourceTree = "<group>"; };
		7AED0400264B925B00D2C9A3 /* TableController.xib */ = {isa = PBXFileReference; lastKnownFileType = file.xib; path = TableController.xib; sourceTree = "<group>"; };
/* End PBXFileReference section */

/* Begin PBXFrameworksBuildPhase section */
		7AED03D9264B768800D2C9A3 /* Frameworks */ = {
			isa = PBXFrameworksBuildPhase;
			buildActionMask = 2147483647;
			files = (
			);
			runOnlyForDeploymentPostprocessing = 0;
		};
/* End PBXFrameworksBuildPhase section */

/* Begin PBXGroup section */
		7AED03D3264B768800D2C9A3 = {
			isa = PBXGroup;
			children = (
				7AED03DE264B768800D2C9A3 /* SampleApp4 */,
				7AED03DD264B768800D2C9A3 /* Products */,
			);
			sourceTree = "<group>";
		};
		7AED03DD264B768800D2C9A3 /* Products */ = {
			isa = PBXGroup;
			children = (
				7AED03DC264B768800D2C9A3 /* SampleApp4.app */,
			);
			name = Products;
			sourceTree = "<group>";
		};
		7AED03DE264B768800D2C9A3 /* SampleApp4 */ = {
			isa = PBXGroup;
			children = (
				7AED03DF264B768800D2C9A3 /* AppDelegate.swift */,
				7AED03E1264B768800D2C9A3 /* SceneDelegate.swift */,
				7AED03E3264B768800D2C9A3 /* ViewController.swift */,
				7AED03E5264B768800D2C9A3 /* Main.storyboard */,
				7AED03E8264B768800D2C9A3 /* Assets.xcassets */,
				7AED03EA264B768800D2C9A3 /* LaunchScreen.storyboard */,
				7AED03ED264B768800D2C9A3 /* Info.plist */,
				7AED03F3264B776000D2C9A3 /* FirstController.swift */,
				7AED03F4264B776000D2C9A3 /* FirstController.xib */,
				7AED03F7264B776C00D2C9A3 /* SecondController.swift */,
				7AED03F8264B776C00D2C9A3 /* SecondController.xib */,
				7AED03FB264B777A00D2C9A3 /* ThirdController.swift */,
				7AED03FC264B777A00D2C9A3 /* ThirdController.xib */,
				7AED03FF264B925B00D2C9A3 /* TableController.swift */,
				7AED0400264B925B00D2C9A3 /* TableController.xib */,
			);
			path = SampleApp4;
			sourceTree = "<group>";
		};
/* End PBXGroup section */

/* Begin PBXNativeTarget section */
		7AED03DB264B768800D2C9A3 /* SampleApp4 */ = {
			isa = PBXNativeTarget;
			buildConfigurationList = 7AED03F0264B768800D2C9A3 /* Build configuration list for PBXNativeTarget "SampleApp4" */;
			buildPhases = (
				7AED03D8264B768800D2C9A3 /* Sources */,
				7AED03D9264B768800D2C9A3 /* Frameworks */,
				7AED03DA264B768800D2C9A3 /* Resources */,
			);
			buildRules = (
			);
			dependencies = (
			);
			name = SampleApp4;
			productName = SampleApp4;
			productReference = 7AED03DC264B768800D2C9A3 /* SampleApp4.app */;
			productType = "com.apple.product-type.application";
		};
/* End PBXNativeTarget section */

/* Begin PBXProject section */
		7AED03D4264B768800D2C9A3 /* Project object */ = {
			isa = PBXProject;
			attributes = {
				LastSwiftUpdateCheck = 1250;
				LastUpgradeCheck = 1250;
				TargetAttributes = {
					7AED03DB264B768800D2C9A3 = {
						CreatedOnToolsVersion = 12.5;
					};
				};
			};
			buildConfigurationList = 7AED03D7264B768800D2C9A3 /* Build configuration list for PBXProject "SampleApp4" */;
			compatibilityVersion = "Xcode 9.3";
			developmentRegion = en;
			hasScannedForEncodings = 0;
			knownRegions = (
				en,
				Base,
			);
			mainGroup = 7AED03D3264B768800D2C9A3;
			productRefGroup = 7AED03DD264B768800D2C9A3 /* Products */;
			projectDirPath = "";
			projectRoot = "";
			targets = (
				7AED03DB264B768800D2C9A3 /* SampleApp4 */,
			);
		};
/* End PBXProject section */

/* Begin PBXResourcesBuildPhase section */
		7AED03DA264B768800D2C9A3 /* Resources */ = {
			isa = PBXResourcesBuildPhase;
			buildActionMask = 2147483647;
			files = (
				7AED03F6264B776000D2C9A3 /* FirstController.xib in Resources */,
				7AED03EC264B768800D2C9A3 /* LaunchScreen.storyboard in Resources */,
				7AED03E9264B768800D2C9A3 /* Assets.xcassets in Resources */,
				7AED03FA264B776C00D2C9A3 /* SecondController.xib in Resources */,
				7AED03E7264B768800D2C9A3 /* Main.storyboard in Resources */,
				7AED0402264B925B00D2C9A3 /* TableController.xib in Resources */,
				7AED03FE264B777A00D2C9A3 /* ThirdController.xib in Resources */,
			);
			runOnlyForDeploymentPostprocessing = 0;
		};
/* End PBXResourcesBuildPhase section */

/* Begin PBXSourcesBuildPhase section */
		7AED03D8264B768800D2C9A3 /* Sources */ = {
			isa = PBXSourcesBuildPhase;
			buildActionMask = 2147483647;
			files = (
				7AED0401264B925B00D2C9A3 /* TableController.swift in Sources */,
				7AED03F5264B776000D2C9A3 /* FirstController.swift in Sources */,
				7AED03FD264B777A00D2C9A3 /* ThirdController.swift in Sources */,
				7AED03E4264B768800D2C9A3 /* ViewController.swift in Sources */,
				7AED03E0264B768800D2C9A3 /* AppDelegate.swift in Sources */,
				7AED03E2264B768800D2C9A3 /* SceneDelegate.swift in Sources */,
				7AED03F9264B776C00D2C9A3 /* SecondController.swift in Sources */,
			);
			runOnlyForDeploymentPostprocessing = 0;
		};
/* End PBXSourcesBuildPhase section */

/* Begin PBXVariantGroup section */
		7AED03E5264B768800D2C9A3 /* Main.storyboard */ = {
			isa = PBXVariantGroup;
			children = (
				7AED03E6264B768800D2C9A3 /* Base */,
			);
			name = Main.storyboard;
			sourceTree = "<group>";
		};
		7AED03EA264B768800D2C9A3 /* LaunchScreen.storyboard */ = {
			isa = PBXVariantGroup;
			children = (
				7AED03EB264B768800D2C9A3 /* Base */,
			);
			name = LaunchScreen.storyboard;
			sourceTree = "<group>";
		};
/* End PBXVariantGroup section */

/* Begin XCBuildConfiguration section */
		7AED03EE264B768800D2C9A3 /* Debug */ = {
			isa = XCBuildConfiguration;
			buildSettings = {
				ALWAYS_SEARCH_USER_PATHS = NO;
				CLANG_ANALYZER_NONNULL = YES;
				CLANG_ANALYZER_NUMBER_OBJECT_CONVERSION = YES_AGGRESSIVE;
				CLANG_CXX_LANGUAGE_STANDARD = "gnu++14";
				CLANG_CXX_LIBRARY = "libc++";
				CLANG_ENABLE_MODULES = YES;
				CLANG_ENABLE_OBJC_ARC = YES;
				CLANG_ENABLE_OBJC_WEAK = YES;
				CLANG_WARN_BLOCK_CAPTURE_AUTORELEASING = YES;
				CLANG_WARN_BOOL_CONVERSION = YES;
				CLANG_WARN_COMMA = YES;
				CLANG_WARN_CONSTANT_CONVERSION = YES;
				CLANG_WARN_DEPRECATED_OBJC_IMPLEMENTATIONS = YES;
				CLANG_WARN_DIRECT_OBJC_ISA_USAGE = YES_ERROR;
				CLANG_WARN_DOCUMENTATION_COMMENTS = YES;
				CLANG_WARN_EMPTY_BODY = YES;
				CLANG_WARN_ENUM_CONVERSION = YES;
				CLANG_WARN_INFINITE_RECURSION = YES;
				CLANG_WARN_INT_CONVERSION = YES;
				CLANG_WARN_NON_LITERAL_NULL_CONVERSION = YES;
				CLANG_WARN_OBJC_IMPLICIT_RETAIN_SELF = YES;
				CLANG_WARN_OBJC_LITERAL_CONVERSION = YES;
				CLANG_WARN_OBJC_ROOT_CLASS = YES_ERROR;
				CLANG_WARN_QUOTED_INCLUDE_IN_FRAMEWORK_HEADER = YES;
				CLANG_WARN_RANGE_LOOP_ANALYSIS = YES;
				CLANG_WARN_STRICT_PROTOTYPES = YES;
				CLANG_WARN_SUSPICIOUS_MOVE = YES;
				CLANG_WARN_UNGUARDED_AVAILABILITY = YES_AGGRESSIVE;
				CLANG_WARN_UNREACHABLE_CODE = YES;
				CLANG_WARN__DUPLICATE_METHOD_MATCH = YES;
				COPY_PHASE_STRIP = NO;
				DEBUG_INFORMATION_FORMAT = dwarf;
				ENABLE_STRICT_OBJC_MSGSEND = YES;
				ENABLE_TESTABILITY = YES;
				GCC_C_LANGUAGE_STANDARD = gnu11;
				GCC_DYNAMIC_NO_PIC = NO;
				GCC_NO_COMMON_BLOCKS = YES;
				GCC_OPTIMIZATION_LEVEL = 0;
				GCC_PREPROCESSOR_DEFINITIONS = (
					"DEBUG=1",
					"$(inherited)",
				);
				GCC_WARN_64_TO_32_BIT_CONVERSION = YES;
				GCC_WARN_ABOUT_RETURN_TYPE = YES_ERROR;
				GCC_WARN_UNDECLARED_SELECTOR = YES;
				GCC_WARN_UNINITIALIZED_AUTOS = YES_AGGRESSIVE;
				GCC_WARN_UNUSED_FUNCTION = YES;
				GCC_WARN_UNUSED_VARIABLE = YES;
				IPHONEOS_DEPLOYMENT_TARGET = 14.5;
				MTL_ENABLE_DEBUG_INFO = INCLUDE_SOURCE;
				MTL_FAST_MATH = YES;
				ONLY_ACTIVE_ARCH = YES;
				SDKROOT = iphoneos;
				SWIFT_ACTIVE_COMPILATION_CONDITIONS = DEBUG;
				SWIFT_OPTIMIZATION_LEVEL = "-Onone";
			};
			name = Debug;
		};
		7AED03EF264B768800D2C9A3 /* Release */ = {
			isa = XCBuildConfiguration;
			buildSettings = {
				ALWAYS_SEARCH_USER_PATHS = NO;
				CLANG_ANALYZER_NONNULL = YES;
				CLANG_ANALYZER_NUMBER_OBJECT_CONVERSION = YES_AGGRESSIVE;
				CLANG_CXX_LANGUAGE_STANDARD = "gnu++14";
				CLANG_CXX_LIBRARY = "libc++";
				CLANG_ENABLE_MODULES = YES;
				CLANG_ENABLE_OBJC_ARC = YES;
				CLANG_ENABLE_OBJC_WEAK = YES;
				CLANG_WARN_BLOCK_CAPTURE_AUTORELEASING = YES;
				CLANG_WARN_BOOL_CONVERSION = YES;
				CLANG_WARN_COMMA = YES;
				CLANG_WARN_CONSTANT_CONVERSION = YES;
				CLANG_WARN_DEPRECATED_OBJC_IMPLEMENTATIONS = YES;
				CLANG_WARN_DIRECT_OBJC_ISA_USAGE = YES_ERROR;
				CLANG_WARN_DOCUMENTATION_COMMENTS = YES;
				CLANG_WARN_EMPTY_BODY = YES;
				CLANG_WARN_ENUM_CONVERSION = YES;
				CLANG_WARN_INFINITE_RECURSION = YES;
				CLANG_WARN_INT_CONVERSION = YES;
				CLANG_WARN_NON_LITERAL_NULL_CONVERSION = YES;
				CLANG_WARN_OBJC_IMPLICIT_RETAIN_SELF = YES;
				CLANG_WARN_OBJC_LITERAL_CONVERSION = YES;
				CLANG_WARN_OBJC_ROOT_CLASS = YES_ERROR;
				CLANG_WARN_QUOTED_INCLUDE_IN_FRAMEWORK_HEADER = YES;
				CLANG_WARN_RANGE_LOOP_ANALYSIS = YES;
				CLANG_WARN_STRICT_PROTOTYPES = YES;
				CLANG_WARN_SUSPICIOUS_MOVE = YES;
				CLANG_WARN_UNGUARDED_AVAILABILITY = YES_AGGRESSIVE;
				CLANG_WARN_UNREACHABLE_CODE = YES;
				CLANG_WARN__DUPLICATE_METHOD_MATCH = YES;
				COPY_PHASE_STRIP = NO;
				DEBUG_INFORMATION_FORMAT = "dwarf-with-dsym";
				ENABLE_NS_ASSERTIONS = NO;
				ENABLE_STRICT_OBJC_MSGSEND = YES;
				GCC_C_LANGUAGE_STANDARD = gnu11;
				GCC_NO_COMMON_BLOCKS = YES;
				GCC_WARN_64_TO_32_BIT_CONVERSION = YES;
				GCC_WARN_ABOUT_RETURN_TYPE = YES_ERROR;
				GCC_WARN_UNDECLARED_SELECTOR = YES;
				GCC_WARN_UNINITIALIZED_AUTOS = YES_AGGRESSIVE;
				GCC_WARN_UNUSED_FUNCTION = YES;
				GCC_WARN_UNUSED_VARIABLE = YES;
				IPHONEOS_DEPLOYMENT_TARGET = 14.5;
				MTL_ENABLE_DEBUG_INFO = NO;
				MTL_FAST_MATH = YES;
				SDKROOT = iphoneos;
				SWIFT_COMPILATION_MODE = wholemodule;
				SWIFT_OPTIMIZATION_LEVEL = "-O";
				VALIDATE_PRODUCT = YES;
			};
			name = Release;
		};
		7AED03F1264B768800D2C9A3 /* Debug */ = {
			isa = XCBuildConfiguration;
			buildSettings = {
				ASSETCATALOG_COMPILER_APPICON_NAME = AppIcon;
				ASSETCATALOG_COMPILER_GLOBAL_ACCENT_COLOR_NAME = AccentColor;
				CODE_SIGN_STYLE = Automatic;
				INFOPLIST_FILE = SampleApp4/Info.plist;
				LD_RUNPATH_SEARCH_PATHS = (
					"$(inherited)",
					"@executable_path/Frameworks",
				);
				PRODUCT_BUNDLE_IDENTIFIER = io.yoondev.SampleApp4;
				PRODUCT_NAME = "$(TARGET_NAME)";
				SWIFT_VERSION = 5.0;
				TARGETED_DEVICE_FAMILY = "1,2";
			};
			name = Debug;
		};
		7AED03F2264B768800D2C9A3 /* Release */ = {
			isa = XCBuildConfiguration;
			buildSettings = {
				ASSETCATALOG_COMPILER_APPICON_NAME = AppIcon;
				ASSETCATALOG_COMPILER_GLOBAL_ACCENT_COLOR_NAME = AccentColor;
				CODE_SIGN_STYLE = Automatic;
				INFOPLIST_FILE = SampleApp4/Info.plist;
				LD_RUNPATH_SEARCH_PATHS = (
					"$(inherited)",
					"@executable_path/Frameworks",
				);
				PRODUCT_BUNDLE_IDENTIFIER = io.yoondev.SampleApp4;
				PRODUCT_NAME = "$(TARGET_NAME)";
				SWIFT_VERSION = 5.0;
				TARGETED_DEVICE_FAMILY = "1,2";
			};
			name = Release;
		};
/* End XCBuildConfiguration section */

/* Begin XCConfigurationList section */
		7AED03D7264B768800D2C9A3 /* Build configuration list for PBXProject "SampleApp4" */ = {
			isa = XCConfigurationList;
			buildConfigurations = (
				7AED03EE264B768800D2C9A3 /* Debug */,
				7AED03EF264B768800D2C9A3 /* Release */,
			);
			defaultConfigurationIsVisible = 0;
			defaultConfigurationName = Release;
		};
		7AED03F0264B768800D2C9A3 /* Build configuration list for PBXNativeTarget "SampleApp4" */ = {
			isa = XCConfigurationList;
			buildConfigurations = (
				7AED03F1264B768800D2C9A3 /* Debug */,
				7AED03F2264B768800D2C9A3 /* Release */,
			);
			defaultConfigurationIsVisible = 0;
			defaultConfigurationName = Release;
		};
/* End XCConfigurationList section */
	};
	rootObject = 7AED03D4264B768800D2C9A3 /* Project object */;
}
